
Microsoft Visual Studio Solution File, Format Version 12.00
# Visual Studio Version 16
VisualStudioVersion = 16.0.30907.101
MinimumVisualStudioVersion = 10.0.40219.1
Project("{8BC9CEB8-8B4A-11D0-8D11-00A0C91BC942}") = "TILE_MAP_GENERATOR", "TILE_MAP_GENERATOR\TILE_MAP_GENERATOR.vcxproj", "{0BD37404-6ED1-4F78-9FD5-AADE1F5B14DA}"
EndProject
Global
	GlobalSection(SolutionConfigurationPlatforms) = preSolution
		Debug|x64 = Debug|x64
		Debug|x86 = Debug|x86
		Release|x64 = Release|x64
		Release|x86 = Release|x86
	EndGlobalSection
	GlobalSection(ProjectConfigurationPlatforms) = postSolution
		{0BD37404-6ED1-4F78-9FD5-AADE1F5B14DA}.Debug|x64.ActiveCfg = Debug|x64
		{0BD37404-6ED1-4F78-9FD5-AADE1F5B14DA}.Debug|x64.Build.0 = Debug|x64
		{0BD37404-6ED1-4F78-9FD5-AADE1F5B14DA}.Debug|x86.ActiveCfg = Debug|Win32
		{0BD37404-6ED1-4F78-9FD5-AADE1F5B14DA}.Debug|x86.Build.0 = Debug|Win32
		{0BD37404-6ED1-4F78-9FD5-AADE1F5B14DA}.Release|x64.ActiveCfg = Release|x64
		{0BD37404-6ED1-4F78-9FD5-AADE1F5B14DA}.Release|x64.Build.0 = Release|x64
		{0BD37404-6ED1-4F78-9FD5-AADE1F5B14DA}.Release|x86.ActiveCfg = Release|Win32
		{0BD37404-6ED1-4F78-9FD5-AADE1F5B14DA}.Release|x86.Build.0 = Release|Win32
	EndGlobalSection
	GlobalSection(SolutionProperties) = preSolution
		HideSolutionNode = FALSE
	EndGlobalSection
	GlobalSection(ExtensibilityGlobals) = postSolution
		SolutionGuid = {4EB72B93-ADCC-4403-9038-E223481AAAE2}
	EndGlobalSection
EndGlobal
